// !$*UTF8*$!
{
	archiveVersion = 1;
	classes = {
	};
	objectVersion = 46;
	objects = {

/* Begin PBXBuildFile section */
		46FC80E71E9B2FCA00D61408 /* AppDelegate.swift in Sources */ = {isa = PBXBuildFile; fileRef = 46FC80E61E9B2FCA00D61408 /* AppDelegate.swift */; };
		46FC80E91E9B2FCA00D61408 /* ViewController.swift in Sources */ = {isa = PBXBuildFile; fileRef = 46FC80E81E9B2FCA00D61408 /* ViewController.swift */; };
		46FC80EC1E9B2FCA00D61408 /* Main.storyboard in Resources */ = {isa = PBXBuildFile; fileRef = 46FC80EA1E9B2FCA00D61408 /* Main.storyboard */; };
		46FC80EF1E9B2FCA00D61408 /* LoginExample.xcdatamodeld in Sources */ = {isa = PBXBuildFile; fileRef = 46FC80ED1E9B2FCA00D61408 /* LoginExample.xcdatamodeld */; };
		46FC80F11E9B2FCA00D61408 /* Assets.xcassets in Resources */ = {isa = PBXBuildFile; fileRef = 46FC80F01E9B2FCA00D61408 /* Assets.xcassets */; };
		46FC80F41E9B2FCA00D61408 /* LaunchScreen.storyboard in Resources */ = {isa = PBXBuildFile; fileRef = 46FC80F21E9B2FCA00D61408 /* LaunchScreen.storyboard */; };
		46FC80FC1E9B347900D61408 /* LoginViewController.swift in Sources */ = {isa = PBXBuildFile; fileRef = 46FC80FB1E9B347900D61408 /* LoginViewController.swift */; };
		46FC80FE1E9B349700D61408 /* RegisterViewController.swift in Sources */ = {isa = PBXBuildFile; fileRef = 46FC80FD1E9B349700D61408 /* RegisterViewController.swift */; };
/* End PBXBuildFile section */

/* Begin PBXFileReference section */
		46FC80E31E9B2FCA00D61408 /* LoginExample.app */ = {isa = PBXFileReference; explicitFileType = wrapper.application; includeInIndex = 0; path = LoginExample.app; sourceTree = BUILT_PRODUCTS_DIR; };
		46FC80E61E9B2FCA00D61408 /* AppDelegate.swift */ = {isa = PBXFileReference; lastKnownFileType = sourcecode.swift; path = AppDelegate.swift; sourceTree = "<group>"; };
		46FC80E81E9B2FCA00D61408 /* ViewController.swift */ = {isa = PBXFileReference; lastKnownFileType = sourcecode.swift; path = ViewController.swift; sourceTree = "<group>"; };
		46FC80EB1E9B2FCA00D61408 /* Base */ = {isa = PBXFileReference; lastKnownFileType = file.storyboard; name = Base; path = Base.lproj/Main.storyboard; sourceTree = "<group>"; };
		46FC80EE1E9B2FCA00D61408 /* LoginExample.xcdatamodel */ = {isa = PBXFileReference; lastKnownFileType = wrapper.xcdatamodel; path = LoginExample.xcdatamodel; sourceTree = "<group>"; };
		46FC80F01E9B2FCA00D61408 /* Assets.xcassets */ = {isa = PBXFileReference; lastKnownFileType = folder.assetcatalog; path = Assets.xcassets; sourceTree = "<group>"; };
		46FC80F31E9B2FCA00D61408 /* Base */ = {isa = PBXFileReference; lastKnownFileType = file.storyboard; name = Base; path = Base.lproj/LaunchScreen.storyboard; sourceTree = "<group>"; };
		46FC80F51E9B2FCA00D61408 /* Info.plist */ = {isa = PBXFileReference; lastKnownFileType = text.plist.xml; path = Info.plist; sourceTree = "<group>"; };
		46FC80FB1E9B347900D61408 /* LoginViewController.swift */ = {isa = PBXFileReference; fileEncoding = 4; lastKnownFileType = sourcecode.swift; path = LoginViewController.swift; sourceTree = "<group>"; };
		46FC80FD1E9B349700D61408 /* RegisterViewController.swift */ = {isa = PBXFileReference; fileEncoding = 4; lastKnownFileType = sourcecode.swift; path = RegisterViewController.swift; sourceTree = "<group>"; };
/* End PBXFileReference section */

/* Begin PBXFrameworksBuildPhase section */
		46FC80E01E9B2FCA00D61408 /* Frameworks */ = {
			isa = PBXFrameworksBuildPhase;
			buildActionMask = 2147483647;
			files = (
			);
			runOnlyForDeploymentPostprocessing = 0;
		};
/* End PBXFrameworksBuildPhase section */

/* Begin PBXGroup section */
		46FC80DA1E9B2FCA00D61408 = {
			isa = PBXGroup;
			children = (
				46FC80E51E9B2FCA00D61408 /* LoginExample */,
				46FC80E41E9B2FCA00D61408 /* Products */,
			);
			sourceTree = "<group>";
		};
		46FC80E41E9B2FCA00D61408 /* Products */ = {
			isa = PBXGroup;
			children = (
				46FC80E31E9B2FCA00D61408 /* LoginExample.app */,
			);
			name = Products;
			sourceTree = "<group>";
		};
		46FC80E51E9B2FCA00D61408 /* LoginExample */ = {
			isa = PBXGroup;
			children = (
				46FC80E61E9B2FCA00D61408 /* AppDelegate.swift */,
				46FC80E81E9B2FCA00D61408 /* ViewController.swift */,
				46FC80EA1E9B2FCA00D61408 /* Main.storyboard */,
				46FC80F01E9B2FCA00D61408 /* Assets.xcassets */,
				46FC80F21E9B2FCA00D61408 /* LaunchScreen.storyboard */,
				46FC80F51E9B2FCA00D61408 /* Info.plist */,
				46FC80ED1E9B2FCA00D61408 /* LoginExample.xcdatamodeld */,
				46FC80FB1E9B347900D61408 /* LoginViewController.swift */,
				46FC80FD1E9B349700D61408 /* RegisterViewController.swift */,
			);
			path = LoginExample;
			sourceTree = "<group>";
		};
/* End PBXGroup section */

/* Begin PBXNativeTarget section */
		46FC80E21E9B2FCA00D61408 /* LoginExample */ = {
			isa = PBXNativeTarget;
			buildConfigurationList = 46FC80F81E9B2FCA00D61408 /* Build configuration list for PBXNativeTarget "LoginExample" */;
			buildPhases = (
				46FC80DF1E9B2FCA00D61408 /* Sources */,
				46FC80E01E9B2FCA00D61408 /* Frameworks */,
				46FC80E11E9B2FCA00D61408 /* Resources */,
			);
			buildRules = (
			);
			dependencies = (
			);
			name = LoginExample;
			productName = LoginExample;
			productReference = 46FC80E31E9B2FCA00D61408 /* LoginExample.app */;
			productType = "com.apple.product-type.application";
		};
/* End PBXNativeTarget section */

/* Begin PBXProject section */
		46FC80DB1E9B2FCA00D61408 /* Project object */ = {
			isa = PBXProject;
			attributes = {
				LastSwiftUpdateCheck = 0810;
				LastUpgradeCheck = 0810;
				ORGANIZATIONNAME = Ikhsan;
				TargetAttributes = {
					46FC80E21E9B2FCA00D61408 = {
						CreatedOnToolsVersion = 8.1;
						DevelopmentTeam = 4PGL8ZFAU4;
						ProvisioningStyle = Automatic;
					};
				};
			};
			buildConfigurationList = 46FC80DE1E9B2FCA00D61408 /* Build configuration list for PBXProject "LoginExample" */;
			compatibilityVersion = "Xcode 3.2";
			developmentRegion = English;
			hasScannedForEncodings = 0;
			knownRegions = (
				en,
				Base,
			);
			mainGroup = 46FC80DA1E9B2FCA00D61408;
			productRefGroup = 46FC80E41E9B2FCA00D61408 /* Products */;
			projectDirPath = "";
			projectRoot = "";
			targets = (
				46FC80E21E9B2FCA00D61408 /* LoginExample */,
			);
		};
/* End PBXProject section */

/* Begin PBXResourcesBuildPhase section */
		46FC80E11E9B2FCA00D61408 /* Resources */ = {
			isa = PBXResourcesBuildPhase;
			buildActionMask = 2147483647;
			files = (
				46FC80F41E9B2FCA00D61408 /* LaunchScreen.storyboard in Resources */,
				46FC80F11E9B2FCA00D61408 /* Assets.xcassets in Resources */,
				46FC80EC1E9B2FCA00D61408 /* Main.storyboard in Resources */,
			);
			runOnlyForDeploymentPostprocessing = 0;
		};
/* End PBXResourcesBuildPhase section */

/* Begin PBXSourcesBuildPhase section */
		46FC80DF1E9B2FCA00D61408 /* Sources */ = {
			isa = PBXSourcesBuildPhase;
			buildActionMask = 2147483647;
			files = (
				46FC80FC1E9B347900D61408 /* LoginViewController.swift in Sources */,
				46FC80FE1E9B349700D61408 /* RegisterViewController.swift in Sources */,
				46FC80E91E9B2FCA00D61408 /* ViewController.swift in Sources */,
				46FC80EF1E9B2FCA00D61408 /* LoginExample.xcdatamodeld in Sources */,
				46FC80E71E9B2FCA00D61408 /* AppDelegate.swift in Sources */,
			);
			runOnlyForDeploymentPostprocessing = 0;
		};
/* End PBXSourcesBuildPhase section */

/* Begin PBXVariantGroup section */
		46FC80EA1E9B2FCA00D61408 /* Main.storyboard */ = {
			isa = PBXVariantGroup;
			children = (
				46FC80EB1E9B2FCA00D61408 /* Base */,
			);
			name = Main.storyboard;
			sourceTree = "<group>";
		};
		46FC80F21E9B2FCA00D61408 /* LaunchScreen.storyboard */ = {
			isa = PBXVariantGroup;
			children = (
				46FC80F31E9B2FCA00D61408 /* Base */,
			);
			name = LaunchScreen.storyboard;
			sourceTree = "<group>";
		};
/* End PBXVariantGroup section */

/* Begin XCBuildConfiguration section */
		46FC80F61E9B2FCA00D61408 /* Debug */ = {
			isa = XCBuildConfiguration;
			buildSettings = {
				ALWAYS_SEARCH_USER_PATHS = NO;
				CLANG_ANALYZER_NONNULL = YES;
				CLANG_CXX_LANGUAGE_STANDARD = "gnu++0x";
				CLANG_CXX_LIBRARY = "libc++";
				CLANG_ENABLE_MODULES = YES;
				CLANG_ENABLE_OBJC_ARC = YES;
				CLANG_WARN_BOOL_CONVERSION = YES;
				CLANG_WARN_CONSTANT_CONVERSION = YES;
				CLANG_WARN_DIRECT_OBJC_ISA_USAGE = YES_ERROR;
				CLANG_WARN_DOCUMENTATION_COMMENTS = YES;
				CLANG_WARN_EMPTY_BODY = YES;
				CLANG_WARN_ENUM_CONVERSION = YES;
				CLANG_WARN_INFINITE_RECURSION = YES;
				CLANG_WARN_INT_CONVERSION = YES;
				CLANG_WARN_OBJC_ROOT_CLASS = YES_ERROR;
				CLANG_WARN_SUSPICIOUS_MOVES = YES;
				CLANG_WARN_UNREACHABLE_CODE = YES;
				CLANG_WARN__DUPLICATE_METHOD_MATCH = YES;
				"CODE_SIGN_IDENTITY[sdk=iphoneos*]" = "iPhone Developer";
				COPY_PHASE_STRIP = NO;
				DEBUG_INFORMATION_FORMAT = dwarf;
				ENABLE_STRICT_OBJC_MSGSEND = YES;
				ENABLE_TESTABILITY = YES;
				GCC_C_LANGUAGE_STANDARD = gnu99;
				GCC_DYNAMIC_NO_PIC = NO;
				GCC_NO_COMMON_BLOCKS = YES;
				GCC_OPTIMIZATION_LEVEL = 0;
				GCC_PREPROCESSOR_DEFINITIONS = (
					"DEBUG=1",
					"$(inherited)",
				);
				GCC_WARN_64_TO_32_BIT_CONVERSION = YES;
				GCC_WARN_ABOUT_RETURN_TYPE = YES_ERROR;
				GCC_WARN_UNDECLARED_SELECTOR = YES;
				GCC_WARN_UNINITIALIZED_AUTOS = YES_AGGRESSIVE;
				GCC_WARN_UNUSED_FUNCTION = YES;
				GCC_WARN_UNUSED_VARIABLE = YES;
				IPHONEOS_DEPLOYMENT_TARGET = 10.1;
				MTL_ENABLE_DEBUG_INFO = YES;
				ONLY_ACTIVE_ARCH = YES;
				SDKROOT = iphoneos;
				SWIFT_ACTIVE_COMPILATION_CONDITIONS = DEBUG;
				SWIFT_OPTIMIZATION_LEVEL = "-Onone";
			};
			name = Debug;
		};
		46FC80F71E9B2FCA00D61408 /* Release */ = {
			isa = XCBuildConfiguration;
			buildSettings = {
				ALWAYS_SEARCH_USER_PATHS = NO;
				CLANG_ANALYZER_NONNULL = YES;
				CLANG_CXX_LANGUAGE_STANDARD = "gnu++0x";
				CLANG_CXX_LIBRARY = "libc++";
				CLANG_ENABLE_MODULES = YES;
				CLANG_ENABLE_OBJC_ARC = YES;
				CLANG_WARN_BOOL_CONVERSION = YES;
				CLANG_WARN_CONSTANT_CONVERSION = YES;
				CLANG_WARN_DIRECT_OBJC_ISA_USAGE = YES_ERROR;
				CLANG_WARN_DOCUMENTATION_COMMENTS = YES;
				CLANG_WARN_EMPTY_BODY = YES;
				CLANG_WARN_ENUM_CONVERSION = YES;
				CLANG_WARN_INFINITE_RECURSION = YES;
				CLANG_WARN_INT_CONVERSION = YES;
				CLANG_WARN_OBJC_ROOT_CLASS = YES_ERROR;
				CLANG_WARN_SUSPICIOUS_MOVES = YES;
				CLANG_WARN_UNREACHABLE_CODE = YES;
				CLANG_WARN__DUPLICATE_METHOD_MATCH = YES;
				"CODE_SIGN_IDENTITY[sdk=iphoneos*]" = "iPhone Developer";
				COPY_PHASE_STRIP = NO;
				DEBUG_INFORMATION_FORMAT = "dwarf-with-dsym";
				ENABLE_NS_ASSERTIONS = NO;
				ENABLE_STRICT_OBJC_MSGSEND = YES;
				GCC_C_LANGUAGE_STANDARD = gnu99;
				GCC_NO_COMMON_BLOCKS = YES;
				GCC_WARN_64_TO_32_BIT_CONVERSION = YES;
				GCC_WARN_ABOUT_RETURN_TYPE = YES_ERROR;
				GCC_WARN_UNDECLARED_SELECTOR = YES;
				GCC_WARN_UNINITIALIZED_AUTOS = YES_AGGRESSIVE;
				GCC_WARN_UNUSED_FUNCTION = YES;
				GCC_WARN_UNUSED_VARIABLE = YES;
				IPHONEOS_DEPLOYMENT_TARGET = 10.1;
				MTL_ENABLE_DEBUG_INFO = NO;
				SDKROOT = iphoneos;
				SWIFT_OPTIMIZATION_LEVEL = "-Owholemodule";
				VALIDATE_PRODUCT = YES;
			};
			name = Release;
		};
		46FC80F91E9B2FCA00D61408 /* Debug */ = {
			isa = XCBuildConfiguration;
			buildSettings = {
				ASSETCATALOG_COMPILER_APPICON_NAME = AppIcon;
				DEVELOPMENT_TEAM = 4PGL8ZFAU4;
				INFOPLIST_FILE = LoginExample/Info.plist;
				LD_RUNPATH_SEARCH_PATHS = "$(inherited) @executable_path/Frameworks";
				PRODUCT_BUNDLE_IDENTIFIER = com.ixsanlabs.LoginExample;
				PRODUCT_NAME = "$(TARGET_NAME)";
				SWIFT_VERSION = 3.0;
			};
			name = Debug;
		};
		46FC80FA1E9B2FCA00D61408 /* Release */ = {
			isa = XCBuildConfiguration;
			buildSettings = {
				ASSETCATALOG_COMPILER_APPICON_NAME = AppIcon;
				DEVELOPMENT_TEAM = 4PGL8ZFAU4;
				INFOPLIST_FILE = LoginExample/Info.plist;
				LD_RUNPATH_SEARCH_PATHS = "$(inherited) @executable_path/Frameworks";
				PRODUCT_BUNDLE_IDENTIFIER = com.ixsanlabs.LoginExample;
				PRODUCT_NAME = "$(TARGET_NAME)";
				SWIFT_VERSION = 3.0;
			};
			name = Release;
		};
/* End XCBuildConfiguration section */

/* Begin XCConfigurationList section */
		46FC80DE1E9B2FCA00D61408 /* Build configuration list for PBXProject "LoginExample" */ = {
			isa = XCConfigurationList;
			buildConfigurations = (
				46FC80F61E9B2FCA00D61408 /* Debug */,
				46FC80F71E9B2FCA00D61408 /* Release */,
			);
			defaultConfigurationIsVisible = 0;
			defaultConfigurationName = Release;
		};
		46FC80F81E9B2FCA00D61408 /* Build configuration list for PBXNativeTarget "LoginExample" */ = {
			isa = XCConfigurationList;
			buildConfigurations = (
				46FC80F91E9B2FCA00D61408 /* Debug */,
				46FC80FA1E9B2FCA00D61408 /* Release */,
			);
			defaultConfigurationIsVisible = 0;
		};
/* End XCConfigurationList section */

/* Begin XCVersionGroup section */
		46FC80ED1E9B2FCA00D61408 /* LoginExample.xcdatamodeld */ = {
			isa = XCVersionGroup;
			children = (
				46FC80EE1E9B2FCA00D61408 /* LoginExample.xcdatamodel */,
			);
			currentVersion = 46FC80EE1E9B2FCA00D61408 /* LoginExample.xcdatamodel */;
			path = LoginExample.xcdatamodeld;
			sourceTree = "<group>";
			versionGroupType = wrapper.xcdatamodel;
		};
/* End XCVersionGroup section */
	};
	rootObject = 46FC80DB1E9B2FCA00D61408 /* Project object */;
}
